
Microsoft Visual Studio Solution File, Format Version 12.00
# Visual Studio Version 17
VisualStudioVersion = 17.14.36408.4 d17.14
MinimumVisualStudioVersion = 10.0.40219.1
Project("{FAE04EC0-301F-11D3-BF4B-00C04F79EFBC}") = "WebApp", "WebApp\WebApp.csproj", "{1D55C217-7037-4939-8B13-C632A20EAFDA}"
EndProject
Global
	GlobalSection(SolutionConfigurationPlatforms) = preSolution
		Debug|Any CPU = Debug|Any CPU
		Release|Any CPU = Release|Any CPU
	EndGlobalSection
	GlobalSection(ProjectConfigurationPlatforms) = postSolution
		{1D55C217-7037-4939-8B13-C632A20EAFDA}.Debug|Any CPU.ActiveCfg = Debug|Any CPU
		{1D55C217-7037-4939-8B13-C632A20EAFDA}.Debug|Any CPU.Build.0 = Debug|Any CPU
		{1D55C217-7037-4939-8B13-C632A20EAFDA}.Release|Any CPU.ActiveCfg = Release|Any CPU
		{1D55C217-7037-4939-8B13-C632A20EAFDA}.Release|Any CPU.Build.0 = Release|Any CPU
	EndGlobalSection
	GlobalSection(SolutionProperties) = preSolution
		HideSolutionNode = FALSE
	EndGlobalSection
	GlobalSection(ExtensibilityGlobals) = postSolution
		SolutionGuid = {67B4890B-2CA8-465A-8256-26195C55ED00}
	EndGlobalSection
EndGlobal
